
Microsoft Visual Studio Solution File, Format Version 12.00
# Visual Studio Version 17
VisualStudioVersion = 17.0.32126.317
MinimumVisualStudioVersion = 10.0.40219.1
Project("{FAE04EC0-301F-11D3-BF4B-00C04F79EFBC}") = "WebApi", "WebApi\WebApi.csproj", "{3E5C17D2-CD68-4774-9E8C-E23B0CDA8783}"
EndProject
Global
	GlobalSection(SolutionConfigurationPlatforms) = preSolution
		Debug|Any CPU = Debug|Any CPU
		Release|Any CPU = Release|Any CPU
	EndGlobalSection
	GlobalSection(ProjectConfigurationPlatforms) = postSolution
		{3E5C17D2-CD68-4774-9E8C-E23B0CDA8783}.Debug|Any CPU.ActiveCfg = Debug|Any CPU
		{3E5C17D2-CD68-4774-9E8C-E23B0CDA8783}.Debug|Any CPU.Build.0 = Debug|Any CPU
		{3E5C17D2-CD68-4774-9E8C-E23B0CDA8783}.Release|Any CPU.ActiveCfg = Release|Any CPU
		{3E5C17D2-CD68-4774-9E8C-E23B0CDA8783}.Release|Any CPU.Build.0 = Release|Any CPU
	EndGlobalSection
	GlobalSection(SolutionProperties) = preSolution
		HideSolutionNode = FALSE
	EndGlobalSection
	GlobalSection(ExtensibilityGlobals) = postSolution
		SolutionGuid = {431D4050-0A15-444E-A1B5-1B476FDD082A}
	EndGlobalSection
EndGlobal
